{
  "name": "todo-list",
  "version": "1.0.0",
  "lockfileVersion": 3,
  "requires": true,
  "packages": {
    "": {
      "name": "todo-list",
      "version": "1.0.0",
      "license": "ISC",
      "devDependencies": {
        "@hapi/tlds": "^1.0.6"
      }
    },
    "node_modules/@hapi/tlds": {
      "version": "1.0.6",
      "resolved": "https://registry.npmjs.org/@hapi/tlds/-/tlds-1.0.6.tgz",
      "integrity": "sha512-0Q1L7gb1NTPKKDnMaRuwPIrRhI2UVioSqKdVxZMEtVXETwAXCZPVO3K6FxcBioXHewCzEQX60drcED4ZardqYQ==",
      "dev": true,
      "engines": {
        "node": ">=14.0.0"
      }
    }
  }
}
